
Microsoft Visual Studio Solution File, Format Version 12.00
# Visual Studio Version 16
VisualStudioVersion = 16.0.31911.196
MinimumVisualStudioVersion = 10.0.40219.1
Project("{FAE04EC0-301F-11D3-BF4B-00C04F79EFBC}") = "Bezier", "Bezier\Bezier.csproj", "{B7AF3CBF-563B-4BAB-A1C4-C7871766EA87}"
EndProject
Global
	GlobalSection(SolutionConfigurationPlatforms) = preSolution
		Debug|Any CPU = Debug|Any CPU
		Release|Any CPU = Release|Any CPU
	EndGlobalSection
	GlobalSection(ProjectConfigurationPlatforms) = postSolution
		{B7AF3CBF-563B-4BAB-A1C4-C7871766EA87}.Debug|Any CPU.ActiveCfg = Debug|Any CPU
		{B7AF3CBF-563B-4BAB-A1C4-C7871766EA87}.Debug|Any CPU.Build.0 = Debug|Any CPU
		{B7AF3CBF-563B-4BAB-A1C4-C7871766EA87}.Release|Any CPU.ActiveCfg = Release|Any CPU
		{B7AF3CBF-563B-4BAB-A1C4-C7871766EA87}.Release|Any CPU.Build.0 = Release|Any CPU
	EndGlobalSection
	GlobalSection(SolutionProperties) = preSolution
		HideSolutionNode = FALSE
	EndGlobalSection
	GlobalSection(ExtensibilityGlobals) = postSolution
		SolutionGuid = {7A15CF8A-B1D6-4210-9CA3-84A568C8908F}
	EndGlobalSection
EndGlobal
